{
    "hash": "b38e3d51b4913a4537f5459428b2b1fe",
    "packages": [
        {
            "package": "doctrine/common",
            "version": "2.3.x-dev",
            "source-reference": "bb0aebbf234db52df476a2b473d434745b34221c",
            "commit-date": "1348120518"
        },
        {
            "package": "doctrine/dbal",
            "version": "2.3.x-dev",
            "source-reference": "292d5edd17e0a9b9a7ee9eb20d6ae1033059153f",
            "commit-date": "1352716871"
        },
        {
            "package": "doctrine/doctrine-bundle",
            "version": "dev-master",
            "alias-pretty-version": "1.0.x-dev",
            "alias-version": "1.0.9999999.9999999-dev"
        },
        {
            "package": "doctrine/doctrine-bundle",
            "version": "dev-master",
            "source-reference": "47df202dfb4ad38e15d6aed8a53e722b30c9f9fd",
            "commit-date": "1353074073"
        },
        {
            "package": "doctrine/orm",
            "version": "2.3.x-dev",
            "source-reference": "77d060ab74212919f1eaace72842ea43bf420f43",
            "commit-date": "1352731781"
        },
        {
            "package": "friendsofsymfony/rest",
            "version": "dev-master",
            "alias-pretty-version": "0.8.x-dev",
            "alias-version": "0.8.9999999.9999999-dev"
        },
        {
            "package": "friendsofsymfony/rest",
            "version": "dev-master",
            "source-reference": "b48857315c39715245303fb5bbc1bab98026209e",
            "commit-date": "1347135166"
        },
        {
            "package": "friendsofsymfony/rest-bundle",
            "version": "dev-master",
            "source-reference": "39f1b79bd0d75c9d566baaf7a90f25756a4786e9",
            "commit-date": "1353159722"
        },
        {
            "package": "jdorn/sql-formatter",
            "version": "v1.0.1"
        },
        {
            "package": "jms/aop-bundle",
            "version": "1.0.0"
        },
        {
            "package": "jms/cg",
            "version": "1.0.0"
        },
        {
            "package": "jms/di-extra-bundle",
            "version": "1.1.x-dev",
            "source-reference": "1.1.1",
            "commit-date": "1348217792"
        },
        {
            "package": "jms/metadata",
            "version": "1.1.1"
        },
        {
            "package": "jms/parser-lib",
            "version": "dev-master",
            "alias-pretty-version": "1.0.x-dev",
            "alias-version": "1.0.9999999.9999999-dev"
        },
        {
            "package": "jms/parser-lib",
            "version": "dev-master",
            "source-reference": "5f1763c0096792947f752d6350516ae073462180",
            "commit-date": "1353183160"
        },
        {
            "package": "jms/security-extra-bundle",
            "version": "1.2.x-dev",
            "source-reference": "9ab6aceda50fc7a2b07d741ba4b3f0695508afcb",
            "commit-date": "1346947943"
        },
        {
            "package": "jms/serializer-bundle",
            "version": "dev-master",
            "alias-pretty-version": "1.0.x-dev",
            "alias-version": "1.0.9999999.9999999-dev"
        },
        {
            "package": "jms/serializer-bundle",
            "version": "dev-master",
            "source-reference": "d87e8d19ee35a4d3dced79fb2b3eee277d0f9f05",
            "commit-date": "1353162995"
        },
        {
            "package": "kriswallsmith/assetic",
            "version": "dev-master",
            "alias-pretty-version": "1.1.x-dev",
            "alias-version": "1.1.9999999.9999999-dev"
        },
        {
            "package": "kriswallsmith/assetic",
            "version": "dev-master",
            "source-reference": "d6203098559cf9fc90e2890c10533d0adad33bd0",
            "commit-date": "1352285252"
        },
        {
            "package": "monolog/monolog",
            "version": "dev-master",
            "alias-pretty-version": "1.3.x-dev",
            "alias-version": "1.3.9999999.9999999-dev"
        },
        {
            "package": "monolog/monolog",
            "version": "dev-master",
            "source-reference": "b23cfd3d6ce0b6c050dda723040b83a1a6d7637e",
            "commit-date": "1352907970"
        },
        {
            "package": "phpoption/phpoption",
            "version": "dev-master",
            "alias-pretty-version": "1.0.x-dev",
            "alias-version": "1.0.9999999.9999999-dev"
        },
        {
            "package": "phpoption/phpoption",
            "version": "dev-master",
            "source-reference": "5add66f558c6d6d1f6a5ff298ba650b710882fad",
            "commit-date": "1353021234"
        },
        {
            "package": "sensio/distribution-bundle",
            "version": "2.1.x-dev",
            "source-reference": "v2.1.3",
            "commit-date": "1347340208"
        },
        {
            "package": "sensio/framework-extra-bundle",
            "version": "2.1.x-dev",
            "source-reference": "v2.1.3",
            "commit-date": "1350448707"
        },
        {
            "package": "sensio/generator-bundle",
            "version": "2.1.x-dev",
            "source-reference": "56c2029d1f3f41b39dd0df40009cb448df010bf1",
            "commit-date": "1352464423"
        },
        {
            "package": "swiftmailer/swiftmailer",
            "version": "v4.2.2"
        },
        {
            "package": "symfony/assetic-bundle",
            "version": "dev-master",
            "alias-pretty-version": "2.1.x-dev",
            "alias-version": "2.1.9999999.9999999-dev"
        },
        {
            "package": "symfony/assetic-bundle",
            "version": "dev-master",
            "source-reference": "30d3841dc9643d352503a72f3cdf93d193c439d2",
            "commit-date": "1352285268"
        },
        {
            "package": "symfony/monolog-bundle",
            "version": "dev-master",
            "alias-pretty-version": "2.1.x-dev",
            "alias-version": "2.1.9999999.9999999-dev"
        },
        {
            "package": "symfony/monolog-bundle",
            "version": "dev-master",
            "source-reference": "51517152a608926ee6b40ed8cfbba1a708f0a14f",
            "commit-date": "1348137624"
        },
        {
            "package": "symfony/swiftmailer-bundle",
            "version": "dev-master",
            "alias-pretty-version": "2.1.x-dev",
            "alias-version": "2.1.9999999.9999999-dev"
        },
        {
            "package": "symfony/swiftmailer-bundle",
            "version": "dev-master",
            "source-reference": "2393ba6d4f1b544349123e24a16bbc749bef9e55",
            "commit-date": "1350447491"
        },
        {
            "package": "symfony/symfony",
            "version": "2.1.x-dev",
            "source-reference": "461db28d3305b74a2514c7a88373398db7d5e71e",
            "commit-date": "1353172006"
        },
        {
            "package": "twig/extensions",
            "version": "dev-master",
            "alias-pretty-version": "1.0.x-dev",
            "alias-version": "1.0.9999999.9999999-dev"
        },
        {
            "package": "twig/extensions",
            "version": "dev-master",
            "source-reference": "dcdff02fbac1282e6b8f4d0558cc7e9580105688",
            "commit-date": "1349889206"
        },
        {
            "package": "twig/twig",
            "version": "dev-master",
            "alias-pretty-version": "1.12.x-dev",
            "alias-version": "1.12.9999999.9999999-dev"
        },
        {
            "package": "twig/twig",
            "version": "dev-master",
            "source-reference": "11368e7e08bc1c9626317fe28e3fdd1855e17198",
            "commit-date": "1353099404"
        }
    ],
    "packages-dev": null,
    "aliases": [

    ],
    "minimum-stability": "dev",
    "stability-flags": {
        "friendsofsymfony/rest-bundle": 20
    }
}
